
Microsoft Visual Studio Solution File, Format Version 12.00
# Visual Studio Version 17
VisualStudioVersion = 17.4.33122.133
MinimumVisualStudioVersion = 10.0.40219.1
Project("{9A19103F-16F7-4668-BE54-9A1E7A4F7556}") = "MuBus", "src\MuBus\MuBus.csproj", "{BBB93D78-B4DB-4720-8FD2-FF18AB68BD8A}"
EndProject
Global
	GlobalSection(SolutionConfigurationPlatforms) = preSolution
		Debug|Any CPU = Debug|Any CPU
		Release|Any CPU = Release|Any CPU
	EndGlobalSection
	GlobalSection(ProjectConfigurationPlatforms) = postSolution
		{BBB93D78-B4DB-4720-8FD2-FF18AB68BD8A}.Debug|Any CPU.ActiveCfg = Debug|Any CPU
		{BBB93D78-B4DB-4720-8FD2-FF18AB68BD8A}.Debug|Any CPU.Build.0 = Debug|Any CPU
		{BBB93D78-B4DB-4720-8FD2-FF18AB68BD8A}.Release|Any CPU.ActiveCfg = Release|Any CPU
		{BBB93D78-B4DB-4720-8FD2-FF18AB68BD8A}.Release|Any CPU.Build.0 = Release|Any CPU
	EndGlobalSection
	GlobalSection(SolutionProperties) = preSolution
		HideSolutionNode = FALSE
	EndGlobalSection
	GlobalSection(ExtensibilityGlobals) = postSolution
		SolutionGuid = {DB7CBC5F-D135-4BFC-8A73-ACE2A4ABFED8}
	EndGlobalSection
EndGlobal
